// !$*UTF8*$!
{
 archiveVersion = 1;
 classes = {};
 objectVersion = 56;
 objects = {
  111111111111111111111111 = {isa = PBXFileReference; lastKnownFileType = sourcecode.swift; path = HTML_MemoApp.swift; sourceTree = "<group>";};
  222222222222222222222222 = {isa = PBXFileReference; lastKnownFileType = text.html; path = Resources/HTML_Memo.html; sourceTree = "<group>";};
  333333333333333333333333 = {isa = PBXGroup; children = (111111111111111111111111,444444444444444444444444,); path = HTML_Memo; sourceTree = "<group>";};
  444444444444444444444444 = {isa = PBXFileReference; lastKnownFileType = text.plist.xml; path = Info.plist; sourceTree = "<group>";};
  555555555555555555555555 = {isa = PBXGroup; children = (333333333333333333333333,); sourceTree = "<group>";};
  666666666666666666666666 = {isa = PBXNativeTarget; buildConfigurationList = 777777777777777777777777; buildPhases = (888888888888888888888888,999999999999999999999999,); buildRules = (); dependencies = (); name = "HTML Memo"; productName = "HTML Memo"; productReference = AAAAAAAAAAAAAAAAAAAAAAAA; productType = "com.apple.product-type.application";};
  777777777777777777777777 = {isa = XCConfigurationList; buildConfigurations = (BBBBBBBBBBBBBBBBBBBBBBBB,CCCCCCCCCCCCCCCCCCCCCCCC,); defaultConfigurationIsVisible = 0; defaultConfigurationName = Release;};
  888888888888888888888888 = {isa = PBXSourcesBuildPhase; files = (DDDDDDDDDDDDDDDDDDDDDDDD,);};
  999999999999999999999999 = {isa = PBXResourcesBuildPhase; files = (EEEEEEEEEEEEEEEEEEEEEEEE,FFFFFFFFFFFFFFFFFFFFFFFF,);};
  AAAAAAAAAAAAAAAAAAAAAAAA = {isa = PBXFileReference; explicitFileType = wrapper.application; includeInIndex = 0; path = "HTML Memo.app"; sourceTree = BUILT_PRODUCTS_DIR;};
  BBBBBBBBBBBBBBBBBBBBBBBB = {isa = XCBuildConfiguration; buildSettings = {CLANG_ENABLE_MODULES = YES; CODE_SIGN_IDENTITY = "-"; INFOPLIST_FILE = HTML_Memo/Info.plist; MACOSX_DEPLOYMENT_TARGET = 12.0; PRODUCT_BUNDLE_IDENTIFIER = com.htmlmemo.native; PRODUCT_NAME = "HTML Memo"; SWIFT_VERSION = 5.0; TARGETED_DEVICE_FAMILY = 1;}; name = Debug;};
  CCCCCCCCCCCCCCCCCCCCCCCC = {isa = XCBuildConfiguration; buildSettings = {CLANG_ENABLE_MODULES = YES; CODE_SIGN_IDENTITY = "-"; INFOPLIST_FILE = HTML_Memo/Info.plist; MACOSX_DEPLOYMENT_TARGET = 12.0; PRODUCT_BUNDLE_IDENTIFIER = com.htmlmemo.native; PRODUCT_NAME = "HTML Memo"; SWIFT_OPTIMIZATION_LEVEL = "-O"; SWIFT_VERSION = 5.0;}; name = Release;};
  DDDDDDDDDDDDDDDDDDDDDDDD = {isa = PBXBuildFile; fileRef = 111111111111111111111111;};
  EEEEEEEEEEEEEEEEEEEEEEEE = {isa = PBXBuildFile; fileRef = 222222222222222222222222;};
  FFFFFFFFFFFFFFFFFFFFFFFF = {isa = PBXBuildFile; fileRef = 444444444444444444444444;};
  121212121212121212121212 = {isa = PBXProject; buildConfigurationList = 131313131313131313131313; compatibilityVersion = "Xcode 14.0"; developmentRegion = ko; hasScannedForEncodings = 0; knownRegions = (en,ko,); mainGroup = 555555555555555555555555; productRefGroup = 141414141414141414141414; projectDirPath = ""; projectRoot = ""; targets = (666666666666666666666666,);};
  131313131313131313131313 = {isa = XCConfigurationList; buildConfigurations = (151515151515151515151515,161616161616161616161616,); defaultConfigurationIsVisible = 0; defaultConfigurationName = Release;};
  151515151515151515151515 = {isa = XCBuildConfiguration; buildSettings = {ALWAYS_SEARCH_USER_PATHS = NO; CLANG_ENABLE_MODULES = YES; SWIFT_VERSION = 5.0;}; name = Debug;};
  161616161616161616161616 = {isa = XCBuildConfiguration; buildSettings = {ALWAYS_SEARCH_USER_PATHS = NO; CLANG_ENABLE_MODULES = YES; SWIFT_VERSION = 5.0;}; name = Release;};
  141414141414141414141414 = {isa = PBXGroup; children = (AAAAAAAAAAAAAAAAAAAAAAAA,); name = Products; sourceTree = "<group>";};
 };
 rootObject = 121212121212121212121212;
}
